{
    "_meta": {
        "hash": {
            "sha256": "f6784eb6109d5ff1b266d379840657e768c8c9cce66ca8d9280f7b4add233674"
        },
        "pipfile-spec": 6,
        "requires": {
            "python_version": "3.6"
        },
        "sources": [
            {
                "name": "pypi",
                "url": "https://pypi.python.org/simple",
                "verify_ssl": true
            }
        ]
    },
    "default": {
        "backports.functools-lru-cache": {
            "hashes": [
                "sha256:9d98697f088eb1b0fa451391f91afb5e3ebde16bbdb272819fd091151fda4f1a",
                "sha256:f0b0e4eba956de51238e17573b7087e852dfe9854afd2e9c873f73fc0ca0a6dd"
            ],
            "version": "==1.5"
        },
        "certifi": {
            "hashes": [
                "sha256:13e698f54293db9f89122b0581843a782ad0934a4fe0172d2a980ba77fc61bb7",
                "sha256:9fa520c1bacfb634fa7af20a76bcbd3d5fb390481724c597da32c719a7dca4b0"
            ],
            "version": "==2018.4.16"
        },
        "chardet": {
            "hashes": [
                "sha256:84ab92ed1c4d4f16916e05906b6b75a6c0fb5db821cc65e70cbd64a3e2a5eaae",
                "sha256:fc323ffcaeaed0e0a02bf4d117757b98aed530d9ed4531e3e15460124c106691"
            ],
            "version": "==3.0.4"
        },
        "cheroot": {
            "hashes": [
                "sha256:b1763f0accff3a8ee24375d6185b93d292205627bce52f435de072036ec46868",
                "sha256:e83ecc6bd473c340a10adac19cc69c65607638fa3e8b37cf0b26b6fdf4db4994"
            ],
            "version": "==6.3.1"
        },
        "cherrypy": {
            "hashes": [
                "sha256:5ce3b1e6cfa1d6deafe3308e2c18cbb7a6cac8dbe2901ffe477bcbe709073c3d",
                "sha256:7404638da9cf8c6be672505168ccb63e16d33cb3aa16a02ec30a44641f7546af"
            ],
            "index": "pypi",
            "version": "==15.0.0"
        },
        "click": {
            "hashes": [
                "sha256:29f99fc6125fbc931b758dc053b3114e55c77a6e4c6c3a2674a2dc986016381d",
                "sha256:f15516df478d5a56180fbf80e68f206010e6d160fc39fa508b65e035fd75130b"
            ],
            "index": "pypi",
            "version": "==6.7"
        },
        "dateparser": {
            "hashes": [
                "sha256:940828183c937bcec530753211b70f673c0a9aab831e43273489b310538dff86",
                "sha256:b452ef8b36cd78ae86a50721794bc674aa3994e19b570f7ba92810f4e0a2ae03"
            ],
            "version": "==0.7.0"
        },
        "e1839a8": {
            "editable": true,
            "path": "."
        },
        "esipy": {
            "hashes": [
                "sha256:e64a2bb9ff16598fafd5908868344c27c6b5de748b5f68025e68c4d15fc8080e"
            ],
            "index": "pypi",
            "version": "==0.4.2"
        },
        "humanize": {
            "hashes": [
                "sha256:a43f57115831ac7c70de098e6ac46ac13be00d69abbf60bdcac251344785bb19"
            ],
            "version": "==0.5.1"
        },
        "idna": {
            "hashes": [
                "sha256:2c6a5de3089009e3da7c5dde64a141dbc8551d5b7f6cf4ed7c2568d0cc520a8f",
                "sha256:8c7309c718f94b3a625cb648ace320157ad16ff131ae0af362c9f21b80ef6ec4"
            ],
            "version": "==2.6"
        },
        "maya": {
            "hashes": [
                "sha256:6f63bc69aa77309fc220bc02618da8701a21da87c2e7a747ee5ccd56a907c3a5",
                "sha256:f526bc8596d993f4bd9755668f66aaf61d635bb4149e084d4a2bc0ebe42aa0b6"
            ],
            "version": "==0.5.0"
        },
        "more-itertools": {
            "hashes": [
                "sha256:2b6b9893337bfd9166bee6a62c2b0c9fe7735dcf85948b387ec8cba30e85d8e8",
                "sha256:6703844a52d3588f951883005efcf555e49566a48afd4db4e965d69b883980d3",
                "sha256:a18d870ef2ffca2b8463c0070ad17b5978056f403fb64e3f15fe62a52db21cc0"
            ],
            "version": "==4.2.0"
        },
        "pendulum": {
            "hashes": [
                "sha256:4173ce3e81ad0d9d61dbce86f4286c43a26a398270df6a0a89f501f0c28ad27d",
                "sha256:56a347d0457859c84b8cdba161fc37c7df5db9b3becec7881cd770e9d2058b3c",
                "sha256:738878168eb26e5446da5d1f7b3312ae993a542061be8882099c00ef4866b1a2",
                "sha256:95536b33ae152e3c831eb236c1bf9ac9dcfb3b5b98fdbe8e9e601eab6c373897",
                "sha256:c04fcf955e622e97e405e5f6d1b1f4a7adc69d79d82f3609643de69283170d6d",
                "sha256:dd6500d27bb7ccc029d497da4f9bd09549bd3c0ea276dad894ea2fdf309e83f3",
                "sha256:ddaf97a061eb5e2ae37857a8cb548e074125017855690d20e443ad8d9f31e164",
                "sha256:e7df37447824f9af0b58c7915a4caf349926036afd86ad38e7529a6b2f8fc34b",
                "sha256:e9732b8bb214fad2c72ddcbfec07542effa8a8b704e174347ede1ff8dc679cce",
                "sha256:f4eee1e1735487d9d25cc435c519fd4380cb1f82cde3ebad1efbc2fc30deca5b"
            ],
            "version": "==1.5.1"
        },
        "portend": {
            "hashes": [
                "sha256:b7ce7d35ea262415297cbfea86226513e77b9ee5f631d3baa11992d663963719",
                "sha256:f5c99a1aa1655733736bb0283fee6a1e115e18db500332bec8e24c43f320d8e8"
            ],
            "version": "==2.3"
        },
        "pyaml": {
            "hashes": [
                "sha256:66623c52f34d83a2c0fc963e08e8b9d0c13d88404e3b43b1852ef71eda19afa3",
                "sha256:f83fc302c52c6b83a15345792693ae0b5bc07ad19f59e318b7617d7123d62990"
            ],
            "version": "==17.12.1"
        },
        "pyswagger": {
            "hashes": [
                "sha256:92e39dfb0675461e04152795fc2345d5fd8145ab693f4b7de3b31228d1135ca4"
            ],
            "version": "==0.8.37"
        },
        "python-dateutil": {
            "hashes": [
                "sha256:1adb80e7a782c12e52ef9a8182bebeb73f1d7e24e374397af06fb4956c8dc5c0",
                "sha256:e27001de32f627c22380a688bcc43ce83504a7bc5da472209b4c70f02829f0b8"
            ],
            "version": "==2.7.3"
        },
        "pytz": {
            "hashes": [
                "sha256:65ae0c8101309c45772196b21b74c46b2e5d11b6275c45d251b150d5da334555",
                "sha256:c06425302f2cf668f1bba7a0a03f3c1d34d4ebeef2c72003da308b3947c7f749"
            ],
            "version": "==2018.4"
        },
        "pytzdata": {
            "hashes": [
                "sha256:1d936da41ee06216d89fdc7ead1ee9a5da2811a8787515a976b646e110c3f622",
                "sha256:e4ef42e82b0b493c5849eed98b5ab49d6767caf982127e9a33167f1153b36cc5"
            ],
            "version": "==2018.5"
        },
        "pyyaml": {
            "hashes": [
                "sha256:0c507b7f74b3d2dd4d1322ec8a94794927305ab4cebbe89cc47fe5e81541e6e8",
                "sha256:16b20e970597e051997d90dc2cddc713a2876c47e3d92d59ee198700c5427736",
                "sha256:3262c96a1ca437e7e4763e2843746588a965426550f3797a79fca9c6199c431f",
                "sha256:326420cbb492172dec84b0f65c80942de6cedb5233c413dd824483989c000608",
                "sha256:4474f8ea030b5127225b8894d626bb66c01cda098d47a2b0d3429b6700af9fd8",
                "sha256:592766c6303207a20efc445587778322d7f73b161bd994f227adaa341ba212ab",
                "sha256:5ac82e411044fb129bae5cfbeb3ba626acb2af31a8d17d175004b70862a741a7",
                "sha256:5f84523c076ad14ff5e6c037fe1c89a7f73a3e04cf0377cb4d017014976433f3",
                "sha256:827dc04b8fa7d07c44de11fabbc888e627fa8293b695e0f99cb544fdfa1bf0d1",
                "sha256:b4c423ab23291d3945ac61346feeb9a0dc4184999ede5e7c43e1ffb975130ae6",
                "sha256:bc6bced57f826ca7cb5125a10b23fd0f2fff3b7c4701d64c439a300ce665fff8",
                "sha256:c01b880ec30b5a6e6aa67b09a2fe3fb30473008c85cd6a67359a1b15ed6d83a4",
                "sha256:ca233c64c6e40eaa6c66ef97058cdc80e8d0157a443655baa1b2966e812807ca",
                "sha256:e863072cdf4c72eebf179342c94e6989c67185842d9997960b3e69290b2fa269"
            ],
            "version": "==3.12"
        },
        "regex": {
            "hashes": [
                "sha256:0201b4cb42f03842a75044a3d08b62a79114f753b33ee421182c631d9f5c81f5",
                "sha256:204524604456e3e0e25c3f24da4efc43db78edfe7623f1049e03d3aa51ddda48",
                "sha256:24c0e838bde42fe9d4d5650e75bff2d4bb5867968fb9409331dbe39154f6e8e2",
                "sha256:4360143da844cd985effb7fb9af04beaa2d371ab13e4a1996424aa2f6fbfb877",
                "sha256:4b8c6fd44dbd46cdbf755c20a7b9dedb32b8d15b707a0e470dfa66ba5df00a35",
                "sha256:4fb5622987f3863cfa76c40ab3338a7dc8ed2bac236bb53e638b21ea397a3252",
                "sha256:5eebefef6e3d97e4c1f9f77eac6555c32ed3afbd769955a9f7339256a4d50d6c",
                "sha256:7222204c6acb9e52688678ec7306b2dfd84df68bc8eb251be74fec4e9dd85bf9",
                "sha256:809cbbcbe291cf7bc9cf6aeac6a9a400a71318292d0a2a07effaf4b4782203a0",
                "sha256:9c9075c727afec23eab196be51737eedb00cd67bb4a2e0170fa8dc65163838f3",
                "sha256:a105b1d7287d412e8fe99959c1b80f7cbd76184b6466d63579b6d256a406a76e",
                "sha256:c3d9cfd214a3e5a25f2da9817c389e32069e210b067ebb901e10f3270da9b259",
                "sha256:c3ebfb5ec2dd750f7861734b25ea7d5ae89d6f33b427cccf3cafa36a1511d862",
                "sha256:c670acd71d975b0c91579d40ae7f703d0daa1c871f12e46394a2c7be0ec8e217",
                "sha256:e371482ee3e6e5ca19ea83cdfc84bf69cac230e3cb1073c8c3bebf3f143cd7a5"
            ],
            "version": "==2018.6.9"
        },
        "requests": {
            "hashes": [
                "sha256:6a1b267aa90cac58ac3a765d067950e7dbbf75b1da07e895d1f594193a40a38b",
                "sha256:9c443e7324ba5b85070c4a818ade28bfabedf16ea10206da1132edaa6dda237e"
            ],
            "index": "pypi",
            "version": "==2.18.4"
        },
        "roman": {
            "hashes": [
                "sha256:1cb1cfc9386ec39bd5dd3190c2c89c1b253140bccda16807aab3627cbb3f275d"
            ],
            "index": "pypi",
            "version": "==3.0"
        },
        "rx": {
            "hashes": [
                "sha256:13a1d8d9e252625c173dc795471e614eadfe1cf40ffc684e08b8fff0d9748c23",
                "sha256:7357592bc7e881a95e0c2013b73326f704953301ab551fbc8133a6fadab84105"
            ],
            "version": "==1.6.1"
        },
        "six": {
            "hashes": [
                "sha256:70e8a77beed4562e7f14fe23a786b54f6296e34344c23bc42f07b15018ff98e9",
                "sha256:832dc0e10feb1aa2c68dcc57dbb658f1c7e65b9b61af69048abc87a2db00a0eb"
            ],
            "version": "==1.11.0"
        },
        "snaptime": {
            "hashes": [
                "sha256:e3f1eb89043d58d30721ab98cb65023f1a4c2740e3b197704298b163c92d508b"
            ],
            "version": "==0.2.4"
        },
        "tempora": {
            "hashes": [
                "sha256:4be862dbdc6fcbcc57f4b355258daa41fc0932af99680142bfa20836379f57a5",
                "sha256:e7496537422e72bb331e460b5d1c864dd95d42474ca454a61ab8760be37a2f26"
            ],
            "version": "==1.11"
        },
        "tzlocal": {
            "hashes": [
                "sha256:4ebeb848845ac898da6519b9b31879cf13b6626f7184c496037b818e238f2c4e"
            ],
            "version": "==1.5.1"
        },
        "urllib3": {
            "hashes": [
                "sha256:06330f386d6e4b195fbfc736b297f58c5a892e4440e54d294d7004e3a9bbea1b",
                "sha256:cc44da8e1145637334317feebd728bd869a35285b93cbb4cca2577da7e62db4f"
            ],
            "version": "==1.22"
        },
        "validate-email": {
            "hashes": [
                "sha256:784719dc5f780be319cdd185dc85dd93afebdb6ebb943811bc4c7c5f9c72aeaf"
            ],
            "version": "==1.3"
        }
    },
    "develop": {}
}
